
Microsoft Visual Studio Solution File, Format Version 12.00
# Visual Studio Version 17
VisualStudioVersion = 17.4.33213.308
MinimumVisualStudioVersion = 10.0.40219.1
Project("{FAE04EC0-301F-11D3-BF4B-00C04F79EFBC}") = "LeviIsland", "LeviIsland\LeviIsland.csproj", "{2D8B23FB-75A6-4C41-9D12-5A15B9B3A2DC}"
EndProject
Global
	GlobalSection(SolutionConfigurationPlatforms) = preSolution
		Debug|Any CPU = Debug|Any CPU
		Release|Any CPU = Release|Any CPU
	EndGlobalSection
	GlobalSection(ProjectConfigurationPlatforms) = postSolution
		{2D8B23FB-75A6-4C41-9D12-5A15B9B3A2DC}.Debug|Any CPU.ActiveCfg = Debug|Any CPU
		{2D8B23FB-75A6-4C41-9D12-5A15B9B3A2DC}.Debug|Any CPU.Build.0 = Debug|Any CPU
		{2D8B23FB-75A6-4C41-9D12-5A15B9B3A2DC}.Release|Any CPU.ActiveCfg = Release|Any CPU
		{2D8B23FB-75A6-4C41-9D12-5A15B9B3A2DC}.Release|Any CPU.Build.0 = Release|Any CPU
	EndGlobalSection
	GlobalSection(SolutionProperties) = preSolution
		HideSolutionNode = FALSE
	EndGlobalSection
	GlobalSection(ExtensibilityGlobals) = postSolution
		SolutionGuid = {37712FEC-BA61-4A88-9355-6A6E2D8F18E7}
	EndGlobalSection
EndGlobal
